// !$*UTF8*$!
{
	archiveVersion = 1;
	classes = {
	};
	objectVersion = 50;
	objects = {

/* Begin PBXBuildFile section */
		0C16627D2513808E0093363C /* AppDelegate.swift in Sources */ = {isa = PBXBuildFile; fileRef = 0C16627C2513808E0093363C /* AppDelegate.swift */; };
		0C1662802513808E0093363C /* Main.storyboard in Resources */ = {isa = PBXBuildFile; fileRef = 0C16627E2513808E0093363C /* Main.storyboard */; };
		0C1662822513808E0093363C /* ViewController.swift in Sources */ = {isa = PBXBuildFile; fileRef = 0C1662812513808E0093363C /* ViewController.swift */; };
		0C166284251380910093363C /* Assets.xcassets in Resources */ = {isa = PBXBuildFile; fileRef = 0C166283251380910093363C /* Assets.xcassets */; };
		0C16628B251380920093363C /* Link to Text Fragment Extension.appex in Embed App Extensions */ = {isa = PBXBuildFile; fileRef = 0C16628A251380920093363C /* Link to Text Fragment Extension.appex */; settings = {ATTRIBUTES = (RemoveHeadersOnCopy, ); }; };
		0C166290251380920093363C /* Cocoa.framework in Frameworks */ = {isa = PBXBuildFile; fileRef = 0C16628F251380920093363C /* Cocoa.framework */; };
		0C166293251380920093363C /* SafariWebExtensionHandler.swift in Sources */ = {isa = PBXBuildFile; fileRef = 0C166292251380920093363C /* SafariWebExtensionHandler.swift */; };
		0C1662BA251380CB0093363C /* assets in Resources */ = {isa = PBXBuildFile; fileRef = 0C1662B4251380CA0093363C /* assets */; };
		0C1662BB251380CB0093363C /* content_script.js in Resources */ = {isa = PBXBuildFile; fileRef = 0C1662B5251380CA0093363C /* content_script.js */; };
		0C1662BC251380CB0093363C /* manifest.json in Resources */ = {isa = PBXBuildFile; fileRef = 0C1662B6251380CA0093363C /* manifest.json */; };
		0C1662BD251380CB0093363C /* text-fragments.js in Resources */ = {isa = PBXBuildFile; fileRef = 0C1662B7251380CA0093363C /* text-fragments.js */; };
		0C1662BE251380CB0093363C /* _locales in Resources */ = {isa = PBXBuildFile; fileRef = 0C1662B8251380CB0093363C /* _locales */; };
		0C1662BF251380CB0093363C /* background_script.js in Resources */ = {isa = PBXBuildFile; fileRef = 0C1662B9251380CB0093363C /* background_script.js */; };
/* End PBXBuildFile section */

/* Begin PBXContainerItemProxy section */
		0C16628C251380920093363C /* PBXContainerItemProxy */ = {
			isa = PBXContainerItemProxy;
			containerPortal = 0C1662702513808E0093363C /* Project object */;
			proxyType = 1;
			remoteGlobalIDString = 0C166289251380920093363C;
			remoteInfo = "Link to Text Fragment Extension";
		};
/* End PBXContainerItemProxy section */

/* Begin PBXCopyFilesBuildPhase section */
		0C1662AC251380920093363C /* Embed App Extensions */ = {
			isa = PBXCopyFilesBuildPhase;
			buildActionMask = 2147483647;
			dstPath = "";
			dstSubfolderSpec = 13;
			files = (
				0C16628B251380920093363C /* Link to Text Fragment Extension.appex in Embed App Extensions */,
			);
			name = "Embed App Extensions";
			runOnlyForDeploymentPostprocessing = 0;
		};
/* End PBXCopyFilesBuildPhase section */

/* Begin PBXFileReference section */
		0C1662782513808E0093363C /* Link to Text Fragment.app */ = {isa = PBXFileReference; explicitFileType = wrapper.application; includeInIndex = 0; path = "Link to Text Fragment.app"; sourceTree = BUILT_PRODUCTS_DIR; };
		0C16627B2513808E0093363C /* Link_to_Text_Fragment.entitlements */ = {isa = PBXFileReference; lastKnownFileType = text.plist.entitlements; path = Link_to_Text_Fragment.entitlements; sourceTree = "<group>"; };
		0C16627C2513808E0093363C /* AppDelegate.swift */ = {isa = PBXFileReference; lastKnownFileType = sourcecode.swift; path = AppDelegate.swift; sourceTree = "<group>"; };
		0C16627F2513808E0093363C /* Base */ = {isa = PBXFileReference; lastKnownFileType = file.storyboard; name = Base; path = Base.lproj/Main.storyboard; sourceTree = "<group>"; };
		0C1662812513808E0093363C /* ViewController.swift */ = {isa = PBXFileReference; lastKnownFileType = sourcecode.swift; path = ViewController.swift; sourceTree = "<group>"; };
		0C166283251380910093363C /* Assets.xcassets */ = {isa = PBXFileReference; lastKnownFileType = folder.assetcatalog; path = Assets.xcassets; sourceTree = "<group>"; };
		0C166285251380910093363C /* Info.plist */ = {isa = PBXFileReference; lastKnownFileType = text.plist.xml; path = Info.plist; sourceTree = "<group>"; };
		0C16628A251380920093363C /* Link to Text Fragment Extension.appex */ = {isa = PBXFileReference; explicitFileType = "wrapper.app-extension"; includeInIndex = 0; path = "Link to Text Fragment Extension.appex"; sourceTree = BUILT_PRODUCTS_DIR; };
		0C16628F251380920093363C /* Cocoa.framework */ = {isa = PBXFileReference; lastKnownFileType = wrapper.framework; name = Cocoa.framework; path = System/Library/Frameworks/Cocoa.framework; sourceTree = SDKROOT; };
		0C166292251380920093363C /* SafariWebExtensionHandler.swift */ = {isa = PBXFileReference; lastKnownFileType = sourcecode.swift; path = SafariWebExtensionHandler.swift; sourceTree = "<group>"; };
		0C1662A5251380920093363C /* Info.plist */ = {isa = PBXFileReference; lastKnownFileType = text.plist.xml; path = Info.plist; sourceTree = "<group>"; };
		0C1662A6251380920093363C /* Link_to_Text_Fragment_Extension.entitlements */ = {isa = PBXFileReference; lastKnownFileType = text.plist.entitlements; path = Link_to_Text_Fragment_Extension.entitlements; sourceTree = "<group>"; };
		0C1662B4251380CA0093363C /* assets */ = {isa = PBXFileReference; lastKnownFileType = folder; path = assets; sourceTree = "<group>"; };
		0C1662B5251380CA0093363C /* content_script.js */ = {isa = PBXFileReference; fileEncoding = 4; lastKnownFileType = sourcecode.javascript; path = content_script.js; sourceTree = "<group>"; };
		0C1662B6251380CA0093363C /* manifest.json */ = {isa = PBXFileReference; fileEncoding = 4; lastKnownFileType = text.json; path = manifest.json; sourceTree = "<group>"; };
		0C1662B7251380CA0093363C /* text-fragments.js */ = {isa = PBXFileReference; fileEncoding = 4; lastKnownFileType = sourcecode.javascript; path = "text-fragments.js"; sourceTree = "<group>"; };
		0C1662B8251380CB0093363C /* _locales */ = {isa = PBXFileReference; lastKnownFileType = folder; path = _locales; sourceTree = "<group>"; };
		0C1662B9251380CB0093363C /* background_script.js */ = {isa = PBXFileReference; fileEncoding = 4; lastKnownFileType = sourcecode.javascript; path = background_script.js; sourceTree = "<group>"; };
/* End PBXFileReference section */

/* Begin PBXFrameworksBuildPhase section */
		0C1662752513808E0093363C /* Frameworks */ = {
			isa = PBXFrameworksBuildPhase;
			buildActionMask = 2147483647;
			files = (
			);
			runOnlyForDeploymentPostprocessing = 0;
		};
		0C166287251380920093363C /* Frameworks */ = {
			isa = PBXFrameworksBuildPhase;
			buildActionMask = 2147483647;
			files = (
				0C166290251380920093363C /* Cocoa.framework in Frameworks */,
			);
			runOnlyForDeploymentPostprocessing = 0;
		};
/* End PBXFrameworksBuildPhase section */

/* Begin PBXGroup section */
		0C16626F2513808E0093363C = {
			isa = PBXGroup;
			children = (
				0C16627A2513808E0093363C /* Link to Text Fragment */,
				0C166291251380920093363C /* Link to Text Fragment Extension */,
				0C16628E251380920093363C /* Frameworks */,
				0C1662792513808E0093363C /* Products */,
			);
			sourceTree = "<group>";
		};
		0C1662792513808E0093363C /* Products */ = {
			isa = PBXGroup;
			children = (
				0C1662782513808E0093363C /* Link to Text Fragment.app */,
				0C16628A251380920093363C /* Link to Text Fragment Extension.appex */,
			);
			name = Products;
			sourceTree = "<group>";
		};
		0C16627A2513808E0093363C /* Link to Text Fragment */ = {
			isa = PBXGroup;
			children = (
				0C16627B2513808E0093363C /* Link_to_Text_Fragment.entitlements */,
				0C16627C2513808E0093363C /* AppDelegate.swift */,
				0C16627E2513808E0093363C /* Main.storyboard */,
				0C1662812513808E0093363C /* ViewController.swift */,
				0C166283251380910093363C /* Assets.xcassets */,
				0C166285251380910093363C /* Info.plist */,
			);
			path = "Link to Text Fragment";
			sourceTree = "<group>";
		};
		0C16628E251380920093363C /* Frameworks */ = {
			isa = PBXGroup;
			children = (
				0C16628F251380920093363C /* Cocoa.framework */,
			);
			name = Frameworks;
			sourceTree = "<group>";
		};
		0C166291251380920093363C /* Link to Text Fragment Extension */ = {
			isa = PBXGroup;
			children = (
				0C166292251380920093363C /* SafariWebExtensionHandler.swift */,
				0C1662A5251380920093363C /* Info.plist */,
				0C1662A6251380920093363C /* Link_to_Text_Fragment_Extension.entitlements */,
				0C166294251380920093363C /* Resources */,
			);
			path = "Link to Text Fragment Extension";
			sourceTree = "<group>";
		};
		0C166294251380920093363C /* Resources */ = {
			isa = PBXGroup;
			children = (
				0C1662B8251380CB0093363C /* _locales */,
				0C1662B4251380CA0093363C /* assets */,
				0C1662B9251380CB0093363C /* background_script.js */,
				0C1662B5251380CA0093363C /* content_script.js */,
				0C1662B6251380CA0093363C /* manifest.json */,
				0C1662B7251380CA0093363C /* text-fragments.js */,
			);
			path = Resources;
			sourceTree = "<group>";
		};
/* End PBXGroup section */

/* Begin PBXNativeTarget section */
		0C1662772513808E0093363C /* Link to Text Fragment */ = {
			isa = PBXNativeTarget;
			buildConfigurationList = 0C1662AD251380920093363C /* Build configuration list for PBXNativeTarget "Link to Text Fragment" */;
			buildPhases = (
				0C1662742513808E0093363C /* Sources */,
				0C1662752513808E0093363C /* Frameworks */,
				0C1662762513808E0093363C /* Resources */,
				0C1662AC251380920093363C /* Embed App Extensions */,
			);
			buildRules = (
			);
			dependencies = (
				0C16628D251380920093363C /* PBXTargetDependency */,
			);
			name = "Link to Text Fragment";
			productName = "Link to Text Fragment";
			productReference = 0C1662782513808E0093363C /* Link to Text Fragment.app */;
			productType = "com.apple.product-type.application";
		};
		0C166289251380920093363C /* Link to Text Fragment Extension */ = {
			isa = PBXNativeTarget;
			buildConfigurationList = 0C1662A9251380920093363C /* Build configuration list for PBXNativeTarget "Link to Text Fragment Extension" */;
			buildPhases = (
				0C166286251380920093363C /* Sources */,
				0C166287251380920093363C /* Frameworks */,
				0C166288251380920093363C /* Resources */,
			);
			buildRules = (
			);
			dependencies = (
			);
			name = "Link to Text Fragment Extension";
			productName = "Link to Text Fragment Extension";
			productReference = 0C16628A251380920093363C /* Link to Text Fragment Extension.appex */;
			productType = "com.apple.product-type.app-extension";
		};
/* End PBXNativeTarget section */

/* Begin PBXProject section */
		0C1662702513808E0093363C /* Project object */ = {
			isa = PBXProject;
			attributes = {
				LastSwiftUpdateCheck = 1200;
				LastUpgradeCheck = 1200;
				TargetAttributes = {
					0C1662772513808E0093363C = {
						CreatedOnToolsVersion = 12.0;
					};
					0C166289251380920093363C = {
						CreatedOnToolsVersion = 12.0;
					};
				};
			};
			buildConfigurationList = 0C1662732513808E0093363C /* Build configuration list for PBXProject "Link to Text Fragment" */;
			compatibilityVersion = "Xcode 9.3";
			developmentRegion = en;
			hasScannedForEncodings = 0;
			knownRegions = (
				en,
				Base,
			);
			mainGroup = 0C16626F2513808E0093363C;
			productRefGroup = 0C1662792513808E0093363C /* Products */;
			projectDirPath = "";
			projectRoot = "";
			targets = (
				0C1662772513808E0093363C /* Link to Text Fragment */,
				0C166289251380920093363C /* Link to Text Fragment Extension */,
			);
		};
/* End PBXProject section */

/* Begin PBXResourcesBuildPhase section */
		0C1662762513808E0093363C /* Resources */ = {
			isa = PBXResourcesBuildPhase;
			buildActionMask = 2147483647;
			files = (
				0C166284251380910093363C /* Assets.xcassets in Resources */,
				0C1662802513808E0093363C /* Main.storyboard in Resources */,
			);
			runOnlyForDeploymentPostprocessing = 0;
		};
		0C166288251380920093363C /* Resources */ = {
			isa = PBXResourcesBuildPhase;
			buildActionMask = 2147483647;
			files = (
				0C1662BA251380CB0093363C /* assets in Resources */,
				0C1662BD251380CB0093363C /* text-fragments.js in Resources */,
				0C1662BC251380CB0093363C /* manifest.json in Resources */,
				0C1662BE251380CB0093363C /* _locales in Resources */,
				0C1662BB251380CB0093363C /* content_script.js in Resources */,
				0C1662BF251380CB0093363C /* background_script.js in Resources */,
			);
			runOnlyForDeploymentPostprocessing = 0;
		};
/* End PBXResourcesBuildPhase section */

/* Begin PBXSourcesBuildPhase section */
		0C1662742513808E0093363C /* Sources */ = {
			isa = PBXSourcesBuildPhase;
			buildActionMask = 2147483647;
			files = (
				0C1662822513808E0093363C /* ViewController.swift in Sources */,
				0C16627D2513808E0093363C /* AppDelegate.swift in Sources */,
			);
			runOnlyForDeploymentPostprocessing = 0;
		};
		0C166286251380920093363C /* Sources */ = {
			isa = PBXSourcesBuildPhase;
			buildActionMask = 2147483647;
			files = (
				0C166293251380920093363C /* SafariWebExtensionHandler.swift in Sources */,
			);
			runOnlyForDeploymentPostprocessing = 0;
		};
/* End PBXSourcesBuildPhase section */

/* Begin PBXTargetDependency section */
		0C16628D251380920093363C /* PBXTargetDependency */ = {
			isa = PBXTargetDependency;
			target = 0C166289251380920093363C /* Link to Text Fragment Extension */;
			targetProxy = 0C16628C251380920093363C /* PBXContainerItemProxy */;
		};
/* End PBXTargetDependency section */

/* Begin PBXVariantGroup section */
		0C16627E2513808E0093363C /* Main.storyboard */ = {
			isa = PBXVariantGroup;
			children = (
				0C16627F2513808E0093363C /* Base */,
			);
			name = Main.storyboard;
			sourceTree = "<group>";
		};
/* End PBXVariantGroup section */

/* Begin XCBuildConfiguration section */
		0C1662A7251380920093363C /* Debug */ = {
			isa = XCBuildConfiguration;
			buildSettings = {
				ALWAYS_SEARCH_USER_PATHS = NO;
				CLANG_ANALYZER_NONNULL = YES;
				CLANG_ANALYZER_NUMBER_OBJECT_CONVERSION = YES_AGGRESSIVE;
				CLANG_CXX_LANGUAGE_STANDARD = "gnu++14";
				CLANG_CXX_LIBRARY = "libc++";
				CLANG_ENABLE_MODULES = YES;
				CLANG_ENABLE_OBJC_ARC = YES;
				CLANG_ENABLE_OBJC_WEAK = YES;
				CLANG_WARN_BLOCK_CAPTURE_AUTORELEASING = YES;
				CLANG_WARN_BOOL_CONVERSION = YES;
				CLANG_WARN_COMMA = YES;
				CLANG_WARN_CONSTANT_CONVERSION = YES;
				CLANG_WARN_DEPRECATED_OBJC_IMPLEMENTATIONS = YES;
				CLANG_WARN_DIRECT_OBJC_ISA_USAGE = YES_ERROR;
				CLANG_WARN_DOCUMENTATION_COMMENTS = YES;
				CLANG_WARN_EMPTY_BODY = YES;
				CLANG_WARN_ENUM_CONVERSION = YES;
				CLANG_WARN_INFINITE_RECURSION = YES;
				CLANG_WARN_INT_CONVERSION = YES;
				CLANG_WARN_NON_LITERAL_NULL_CONVERSION = YES;
				CLANG_WARN_OBJC_IMPLICIT_RETAIN_SELF = YES;
				CLANG_WARN_OBJC_LITERAL_CONVERSION = YES;
				CLANG_WARN_OBJC_ROOT_CLASS = YES_ERROR;
				CLANG_WARN_QUOTED_INCLUDE_IN_FRAMEWORK_HEADER = YES;
				CLANG_WARN_RANGE_LOOP_ANALYSIS = YES;
				CLANG_WARN_STRICT_PROTOTYPES = YES;
				CLANG_WARN_SUSPICIOUS_MOVE = YES;
				CLANG_WARN_UNGUARDED_AVAILABILITY = YES_AGGRESSIVE;
				CLANG_WARN_UNREACHABLE_CODE = YES;
				CLANG_WARN__DUPLICATE_METHOD_MATCH = YES;
				COPY_PHASE_STRIP = NO;
				DEBUG_INFORMATION_FORMAT = dwarf;
				ENABLE_STRICT_OBJC_MSGSEND = YES;
				ENABLE_TESTABILITY = YES;
				GCC_C_LANGUAGE_STANDARD = gnu11;
				GCC_DYNAMIC_NO_PIC = NO;
				GCC_NO_COMMON_BLOCKS = YES;
				GCC_OPTIMIZATION_LEVEL = 0;
				GCC_PREPROCESSOR_DEFINITIONS = (
					"DEBUG=1",
					"$(inherited)",
				);
				GCC_WARN_64_TO_32_BIT_CONVERSION = YES;
				GCC_WARN_ABOUT_RETURN_TYPE = YES_ERROR;
				GCC_WARN_UNDECLARED_SELECTOR = YES;
				GCC_WARN_UNINITIALIZED_AUTOS = YES_AGGRESSIVE;
				GCC_WARN_UNUSED_FUNCTION = YES;
				GCC_WARN_UNUSED_VARIABLE = YES;
				MACOSX_DEPLOYMENT_TARGET = 10.15;
				MTL_ENABLE_DEBUG_INFO = INCLUDE_SOURCE;
				MTL_FAST_MATH = YES;
				ONLY_ACTIVE_ARCH = YES;
				SDKROOT = macosx;
				SWIFT_ACTIVE_COMPILATION_CONDITIONS = DEBUG;
				SWIFT_OPTIMIZATION_LEVEL = "-Onone";
			};
			name = Debug;
		};
		0C1662A8251380920093363C /* Release */ = {
			isa = XCBuildConfiguration;
			buildSettings = {
				ALWAYS_SEARCH_USER_PATHS = NO;
				CLANG_ANALYZER_NONNULL = YES;
				CLANG_ANALYZER_NUMBER_OBJECT_CONVERSION = YES_AGGRESSIVE;
				CLANG_CXX_LANGUAGE_STANDARD = "gnu++14";
				CLANG_CXX_LIBRARY = "libc++";
				CLANG_ENABLE_MODULES = YES;
				CLANG_ENABLE_OBJC_ARC = YES;
				CLANG_ENABLE_OBJC_WEAK = YES;
				CLANG_WARN_BLOCK_CAPTURE_AUTORELEASING = YES;
				CLANG_WARN_BOOL_CONVERSION = YES;
				CLANG_WARN_COMMA = YES;
				CLANG_WARN_CONSTANT_CONVERSION = YES;
				CLANG_WARN_DEPRECATED_OBJC_IMPLEMENTATIONS = YES;
				CLANG_WARN_DIRECT_OBJC_ISA_USAGE = YES_ERROR;
				CLANG_WARN_DOCUMENTATION_COMMENTS = YES;
				CLANG_WARN_EMPTY_BODY = YES;
				CLANG_WARN_ENUM_CONVERSION = YES;
				CLANG_WARN_INFINITE_RECURSION = YES;
				CLANG_WARN_INT_CONVERSION = YES;
				CLANG_WARN_NON_LITERAL_NULL_CONVERSION = YES;
				CLANG_WARN_OBJC_IMPLICIT_RETAIN_SELF = YES;
				CLANG_WARN_OBJC_LITERAL_CONVERSION = YES;
				CLANG_WARN_OBJC_ROOT_CLASS = YES_ERROR;
				CLANG_WARN_QUOTED_INCLUDE_IN_FRAMEWORK_HEADER = YES;
				CLANG_WARN_RANGE_LOOP_ANALYSIS = YES;
				CLANG_WARN_STRICT_PROTOTYPES = YES;
				CLANG_WARN_SUSPICIOUS_MOVE = YES;
				CLANG_WARN_UNGUARDED_AVAILABILITY = YES_AGGRESSIVE;
				CLANG_WARN_UNREACHABLE_CODE = YES;
				CLANG_WARN__DUPLICATE_METHOD_MATCH = YES;
				COPY_PHASE_STRIP = NO;
				DEBUG_INFORMATION_FORMAT = "dwarf-with-dsym";
				ENABLE_NS_ASSERTIONS = NO;
				ENABLE_STRICT_OBJC_MSGSEND = YES;
				GCC_C_LANGUAGE_STANDARD = gnu11;
				GCC_NO_COMMON_BLOCKS = YES;
				GCC_WARN_64_TO_32_BIT_CONVERSION = YES;
				GCC_WARN_ABOUT_RETURN_TYPE = YES_ERROR;
				GCC_WARN_UNDECLARED_SELECTOR = YES;
				GCC_WARN_UNINITIALIZED_AUTOS = YES_AGGRESSIVE;
				GCC_WARN_UNUSED_FUNCTION = YES;
				GCC_WARN_UNUSED_VARIABLE = YES;
				MACOSX_DEPLOYMENT_TARGET = 10.15;
				MTL_ENABLE_DEBUG_INFO = NO;
				MTL_FAST_MATH = YES;
				SDKROOT = macosx;
				SWIFT_COMPILATION_MODE = wholemodule;
				SWIFT_OPTIMIZATION_LEVEL = "-O";
			};
			name = Release;
		};
		0C1662AA251380920093363C /* Debug */ = {
			isa = XCBuildConfiguration;
			buildSettings = {
				CODE_SIGN_ENTITLEMENTS = "Link to Text Fragment Extension/Link_to_Text_Fragment_Extension.entitlements";
				CODE_SIGN_STYLE = Automatic;
				DEVELOPMENT_TEAM = 58S46496RD;
				ENABLE_HARDENED_RUNTIME = YES;
				INFOPLIST_FILE = "Link to Text Fragment Extension/Info.plist";
				LD_RUNPATH_SEARCH_PATHS = (
					"$(inherited)",
					"@executable_path/../Frameworks",
					"@executable_path/../../../../Frameworks",
				);
				MACOSX_DEPLOYMENT_TARGET = 10.14;
				PRODUCT_BUNDLE_IDENTIFIER = "com.google.googlechromelabs.link-to-text-fragment.Extension";
				PRODUCT_NAME = "$(TARGET_NAME)";
				SKIP_INSTALL = YES;
				SWIFT_VERSION = 5.0;
			};
			name = Debug;
		};
		0C1662AB251380920093363C /* Release */ = {
			isa = XCBuildConfiguration;
			buildSettings = {
				CODE_SIGN_ENTITLEMENTS = "Link to Text Fragment Extension/Link_to_Text_Fragment_Extension.entitlements";
				CODE_SIGN_STYLE = Automatic;
				DEVELOPMENT_TEAM = 58S46496RD;
				ENABLE_HARDENED_RUNTIME = YES;
				INFOPLIST_FILE = "Link to Text Fragment Extension/Info.plist";
				LD_RUNPATH_SEARCH_PATHS = (
					"$(inherited)",
					"@executable_path/../Frameworks",
					"@executable_path/../../../../Frameworks",
				);
				MACOSX_DEPLOYMENT_TARGET = 10.14;
				PRODUCT_BUNDLE_IDENTIFIER = "com.google.googlechromelabs.link-to-text-fragment.Extension";
				PRODUCT_NAME = "$(TARGET_NAME)";
				SKIP_INSTALL = YES;
				SWIFT_VERSION = 5.0;
			};
			name = Release;
		};
		0C1662AE251380920093363C /* Debug */ = {
			isa = XCBuildConfiguration;
			buildSettings = {
				ALWAYS_EMBED_SWIFT_STANDARD_LIBRARIES = YES;
				ASSETCATALOG_COMPILER_APPICON_NAME = AppIcon;
				ASSETCATALOG_COMPILER_GLOBAL_ACCENT_COLOR_NAME = AccentColor;
				CODE_SIGN_ENTITLEMENTS = "Link to Text Fragment/Link_to_Text_Fragment.entitlements";
				CODE_SIGN_STYLE = Automatic;
				COMBINE_HIDPI_IMAGES = YES;
				DEVELOPMENT_TEAM = 58S46496RD;
				ENABLE_HARDENED_RUNTIME = YES;
				INFOPLIST_FILE = "Link to Text Fragment/Info.plist";
				LD_RUNPATH_SEARCH_PATHS = (
					"$(inherited)",
					"@executable_path/../Frameworks",
				);
				MACOSX_DEPLOYMENT_TARGET = 10.14;
				PRODUCT_BUNDLE_IDENTIFIER = "com.google.googlechromelabs.link-to-text-fragment";
				PRODUCT_NAME = "$(TARGET_NAME)";
				SWIFT_VERSION = 5.0;
			};
			name = Debug;
		};
		0C1662AF251380920093363C /* Release */ = {
			isa = XCBuildConfiguration;
			buildSettings = {
				ALWAYS_EMBED_SWIFT_STANDARD_LIBRARIES = YES;
				ASSETCATALOG_COMPILER_APPICON_NAME = AppIcon;
				ASSETCATALOG_COMPILER_GLOBAL_ACCENT_COLOR_NAME = AccentColor;
				CODE_SIGN_ENTITLEMENTS = "Link to Text Fragment/Link_to_Text_Fragment.entitlements";
				CODE_SIGN_STYLE = Automatic;
				COMBINE_HIDPI_IMAGES = YES;
				DEVELOPMENT_TEAM = 58S46496RD;
				ENABLE_HARDENED_RUNTIME = YES;
				INFOPLIST_FILE = "Link to Text Fragment/Info.plist";
				LD_RUNPATH_SEARCH_PATHS = (
					"$(inherited)",
					"@executable_path/../Frameworks",
				);
				MACOSX_DEPLOYMENT_TARGET = 10.14;
				PRODUCT_BUNDLE_IDENTIFIER = "com.google.googlechromelabs.link-to-text-fragment";
				PRODUCT_NAME = "$(TARGET_NAME)";
				SWIFT_VERSION = 5.0;
			};
			name = Release;
		};
/* End XCBuildConfiguration section */

/* Begin XCConfigurationList section */
		0C1662732513808E0093363C /* Build configuration list for PBXProject "Link to Text Fragment" */ = {
			isa = XCConfigurationList;
			buildConfigurations = (
				0C1662A7251380920093363C /* Debug */,
				0C1662A8251380920093363C /* Release */,
			);
			defaultConfigurationIsVisible = 0;
			defaultConfigurationName = Release;
		};
		0C1662A9251380920093363C /* Build configuration list for PBXNativeTarget "Link to Text Fragment Extension" */ = {
			isa = XCConfigurationList;
			buildConfigurations = (
				0C1662AA251380920093363C /* Debug */,
				0C1662AB251380920093363C /* Release */,
			);
			defaultConfigurationIsVisible = 0;
			defaultConfigurationName = Release;
		};
		0C1662AD251380920093363C /* Build configuration list for PBXNativeTarget "Link to Text Fragment" */ = {
			isa = XCConfigurationList;
			buildConfigurations = (
				0C1662AE251380920093363C /* Debug */,
				0C1662AF251380920093363C /* Release */,
			);
			defaultConfigurationIsVisible = 0;
			defaultConfigurationName = Release;
		};
/* End XCConfigurationList section */
	};
	rootObject = 0C1662702513808E0093363C /* Project object */;
}
